
Microsoft Visual Studio Solution File, Format Version 12.00
# Visual Studio Version 16
VisualStudioVersion = 16.0.29806.167
MinimumVisualStudioVersion = 10.0.40219.1
Project("{FAE04EC0-301F-11D3-BF4B-00C04F79EFBC}") = "Solution", "Solution\Solution.csproj", "{E898DF19-CD4E-4D23-B7E6-F165C7E68050}"
EndProject
Global
	GlobalSection(SolutionConfigurationPlatforms) = preSolution
		Debug|Any CPU = Debug|Any CPU
		Release|Any CPU = Release|Any CPU
	EndGlobalSection
	GlobalSection(ProjectConfigurationPlatforms) = postSolution
		{E898DF19-CD4E-4D23-B7E6-F165C7E68050}.Debug|Any CPU.ActiveCfg = Debug|Any CPU
		{E898DF19-CD4E-4D23-B7E6-F165C7E68050}.Debug|Any CPU.Build.0 = Debug|Any CPU
		{E898DF19-CD4E-4D23-B7E6-F165C7E68050}.Release|Any CPU.ActiveCfg = Release|Any CPU
		{E898DF19-CD4E-4D23-B7E6-F165C7E68050}.Release|Any CPU.Build.0 = Release|Any CPU
	EndGlobalSection
	GlobalSection(SolutionProperties) = preSolution
		HideSolutionNode = FALSE
	EndGlobalSection
	GlobalSection(ExtensibilityGlobals) = postSolution
		SolutionGuid = {DA87CB0E-0145-46AA-A549-0319A466A2B4}
	EndGlobalSection
EndGlobal
